
Microsoft Visual Studio Solution File, Format Version 12.00
# Visual Studio Version 16
VisualStudioVersion = 16.0.32929.386
MinimumVisualStudioVersion = 10.0.40219.1
Project("{8BC9CEB8-8B4A-11D0-8D11-00A0C91BC942}") = "AtentsCpp01", "AtentsCpp01\AtentsCpp01.vcxproj", "{1C9D6466-8D81-4E49-9736-476AC24E648A}"
EndProject
Project("{8BC9CEB8-8B4A-11D0-8D11-00A0C91BC942}") = "AtentsDS01", "AtentsDS01\AtentsDS01.vcxproj", "{5FBD0EA2-DBB9-45CB-84FE-C185AB259465}"
EndProject
Project("{8BC9CEB8-8B4A-11D0-8D11-00A0C91BC942}") = "AtentsCpp02", "AtentsCpp02\AtentsCpp02.vcxproj", "{097546EC-27BF-491C-850A-68313BB63CE5}"
EndProject
Project("{8BC9CEB8-8B4A-11D0-8D11-00A0C91BC942}") = "AtentsDS02", "AtentsDS02\AtentsDS02.vcxproj", "{5C359AF6-FDFF-47B1-ABCB-1A7DA63D2513}"
EndProject
Project("{8BC9CEB8-8B4A-11D0-8D11-00A0C91BC942}") = "AtentsCpp03", "AtentsCpp03\AtentsCpp03.vcxproj", "{BA5A0C36-082E-4416-A547-0BA50F6E3CFB}"
EndProject
Project("{8BC9CEB8-8B4A-11D0-8D11-00A0C91BC942}") = "AtentsDS03", "AtentsDS03\AtentsDS03.vcxproj", "{04402DAF-3C7B-4AFA-89A2-9EFF669269C8}"
EndProject
Project("{8BC9CEB8-8B4A-11D0-8D11-00A0C91BC942}") = "AtentsCpp04", "AtentsCpp04\AtentsCpp04.vcxproj", "{8726C538-70D4-48AA-A17F-C23F0CBD550B}"
EndProject
Project("{8BC9CEB8-8B4A-11D0-8D11-00A0C91BC942}") = "AtentsDS04", "AtentsDS04\AtentsDS04.vcxproj", "{AB78E822-FBDF-4054-9E43-F419BAC128DE}"
EndProject
Project("{8BC9CEB8-8B4A-11D0-8D11-00A0C91BC942}") = "AtentsCpp05", "AtentsCpp05\AtentsCpp05.vcxproj", "{D1DFD2F2-22DC-4A60-8F2B-3FC9FECC8C0A}"
EndProject
Project("{8BC9CEB8-8B4A-11D0-8D11-00A0C91BC942}") = "AtentsDS05", "AtentsCD05\AtentsCD05.vcxproj", "{95FDB0F2-99BE-454E-87FD-FA41F9B86AB8}"
EndProject
Project("{8BC9CEB8-8B4A-11D0-8D11-00A0C91BC942}") = "AtentsCpp06", "AtentsCpp06\AtentsCpp06.vcxproj", "{51832D35-E293-4F25-8D2B-DE219EE12AAD}"
EndProject
Project("{8BC9CEB8-8B4A-11D0-8D11-00A0C91BC942}") = "AtentsDS06", "AtentsDS06\AtentsDS06.vcxproj", "{9F49DDC4-40E3-4768-A5F4-4C160A1A0B2A}"
EndProject
Project("{8BC9CEB8-8B4A-11D0-8D11-00A0C91BC942}") = "AtentsCpp07", "Project1\Project1.vcxproj", "{BFAE622C-47FC-47C2-BB74-5ECFE515B9BC}"
EndProject
Project("{8BC9CEB8-8B4A-11D0-8D11-00A0C91BC942}") = "AtentsDS07", "AtentsDS07\AtentsDS07.vcxproj", "{C8896624-B6EE-4D99-8E61-8DB551F4E90C}"
EndProject
Project("{8BC9CEB8-8B4A-11D0-8D11-00A0C91BC942}") = "AtentsCpp08", "AtentsCpp08\AtentsCpp08.vcxproj", "{3FAD1FED-E63D-4882-A156-D4947CA6A977}"
EndProject
Project("{8BC9CEB8-8B4A-11D0-8D11-00A0C91BC942}") = "AtentsDS08", "AtentsDS08\AtentsDS08.vcxproj", "{C5C8B6B9-DAE1-4F2B-B43C-3E57929A0056}"
EndProject
Project("{8BC9CEB8-8B4A-11D0-8D11-00A0C91BC942}") = "AtentsCpp09", "AtentsCpp09\AtentsCpp09.vcxproj", "{E345B355-0B45-4CCA-87BF-87B825A36EF3}"
EndProject
Project("{8BC9CEB8-8B4A-11D0-8D11-00A0C91BC942}") = "AtentsCpp09_TEST", "AtentCpp09_TEST\AtentCpp09_TEST.vcxproj", "{EC471D2F-BA4E-414D-9E9B-A03F2FA8C912}"
EndProject
Project("{8BC9CEB8-8B4A-11D0-8D11-00A0C91BC942}") = "AtentsDS09", "AtentsDS09\AtentsDS09.vcxproj", "{F02D50AC-768A-474C-B9B3-82711736F40B}"
EndProject
Project("{8BC9CEB8-8B4A-11D0-8D11-00A0C91BC942}") = "AtentsCpp10", "AtentsCpp10\AtentsCpp10.vcxproj", "{0DAC9FFE-B6DE-4B46-8541-9A17DE3D07BE}"
EndProject
Project("{8BC9CEB8-8B4A-11D0-8D11-00A0C91BC942}") = "AtentsCpp10_TEST", "AtentsCpp10_TEST\AtentsCpp10_TEST.vcxproj", "{BB5DF849-725F-4A0B-BF93-659DAC1797BA}"
EndProject
Project("{8BC9CEB8-8B4A-11D0-8D11-00A0C91BC942}") = "AtentsDS10", "AtentsDS10\AtentsDS10.vcxproj", "{A2C9E431-2583-4C85-99C9-AB6D97D2E534}"
EndProject
Project("{8BC9CEB8-8B4A-11D0-8D11-00A0C91BC942}") = "AtentsCpp11", "AtentsCpp11\AtentsCpp11.vcxproj", "{64972A5E-82A9-46AF-8014-3C6F9257E673}"
EndProject
Project("{8BC9CEB8-8B4A-11D0-8D11-00A0C91BC942}") = "AtentsDS11", "AtentsDS11\AtentsDS11.vcxproj", "{DF1B1523-C29E-4437-BD7F-9E66A62308E9}"
EndProject
Project("{8BC9CEB8-8B4A-11D0-8D11-00A0C91BC942}") = "AtentsDS11-2", "AtentsDS11-2\AtentsDS11-2.vcxproj", "{A5B36916-7799-4A7E-A6B0-340588C8C304}"
EndProject
Project("{8BC9CEB8-8B4A-11D0-8D11-00A0C91BC942}") = "AtentsCpp12", "AtentsCpp12\AtentsCpp12.vcxproj", "{7F4CD7DC-36AD-47FF-BB0E-A536A76FF5AA}"
EndProject
Project("{8BC9CEB8-8B4A-11D0-8D11-00A0C91BC942}") = "AtentsDS12", "AtentsDS12\AtentsDS12.vcxproj", "{B3574711-715B-41C0-AFBD-CB04CE365619}"
EndProject
Project("{8BC9CEB8-8B4A-11D0-8D11-00A0C91BC942}") = "AtentsCpp13", "AtentsCpp13\AtentsCpp13.vcxproj", "{14E6EEA9-2FDD-405C-9251-941AC9CFD160}"
EndProject
Project("{8BC9CEB8-8B4A-11D0-8D11-00A0C91BC942}") = "AtentsDS13", "AtentsDS13\AtentsDS13.vcxproj", "{E9122286-A272-4152-91E9-12FE94A5BFCC}"
EndProject
Project("{8BC9CEB8-8B4A-11D0-8D11-00A0C91BC942}") = "AtentsCpp14", "AtentsCpp14\AtentsCpp14.vcxproj", "{19A53856-443F-47CF-BA6B-DE5A73F4A7C0}"
EndProject
Project("{8BC9CEB8-8B4A-11D0-8D11-00A0C91BC942}") = "AtentsDS14", "AtentsDS14\AtentsDS14.vcxproj", "{0C57176D-463C-46E2-8FB5-883EA8F957A2}"
EndProject
Project("{8BC9CEB8-8B4A-11D0-8D11-00A0C91BC942}") = "AtentsCpp15", "AtentsCpp15\AtentsCpp15.vcxproj", "{7EC6DE40-B896-4446-9EB5-91D14290EF0C}"
EndProject
Project("{8BC9CEB8-8B4A-11D0-8D11-00A0C91BC942}") = "AtentsDS15", "AtentsDS15\AtentsDS15.vcxproj", "{F9C54D7E-B5AA-496D-B7A3-202F4330A682}"
EndProject
Project("{8BC9CEB8-8B4A-11D0-8D11-00A0C91BC942}") = "AtentsCpp16", "AtentsCpp16\AtentsCpp16.vcxproj", "{27D5A9BC-1C3A-4D96-B018-1E3B0323F58A}"
EndProject
Project("{8BC9CEB8-8B4A-11D0-8D11-00A0C91BC942}") = "AtentsDS16", "AtentsDS16\AtentsDS16.vcxproj", "{69E99D95-70F0-48A0-A774-481566E085FD}"
EndProject
Project("{8BC9CEB8-8B4A-11D0-8D11-00A0C91BC942}") = "AtentsDS16_test", "AtentsDS16_test\AtentsDS16_test.vcxproj", "{9CFA0FD4-386E-4BDD-B646-3D667C6CAD07}"
EndProject
Project("{8BC9CEB8-8B4A-11D0-8D11-00A0C91BC942}") = "AtentsCpp17", "AtentsCpp17\AtentsCpp17.vcxproj", "{146AABC4-9F8B-453F-A0F7-80162AC33A48}"
EndProject
Project("{8BC9CEB8-8B4A-11D0-8D11-00A0C91BC942}") = "AtentsDS17", "AtentsDS17\AtentsDS17.vcxproj", "{7989810E-EB75-404B-9F5E-69BC964ED033}"
EndProject
Project("{8BC9CEB8-8B4A-11D0-8D11-00A0C91BC942}") = "AtentsCpp18", "AtentsCpp18\AtentsCpp18.vcxproj", "{A7F0D1FA-4744-4F11-8A2E-85053C706EEA}"
EndProject
Global
	GlobalSection(SolutionConfigurationPlatforms) = preSolution
		Debug|x64 = Debug|x64
		Debug|x86 = Debug|x86
		Release|x64 = Release|x64
		Release|x86 = Release|x86
	EndGlobalSection
	GlobalSection(ProjectConfigurationPlatforms) = postSolution
		{1C9D6466-8D81-4E49-9736-476AC24E648A}.Debug|x64.ActiveCfg = Debug|x64
		{1C9D6466-8D81-4E49-9736-476AC24E648A}.Debug|x64.Build.0 = Debug|x64
		{1C9D6466-8D81-4E49-9736-476AC24E648A}.Debug|x86.ActiveCfg = Debug|Win32
		{1C9D6466-8D81-4E49-9736-476AC24E648A}.Debug|x86.Build.0 = Debug|Win32
		{1C9D6466-8D81-4E49-9736-476AC24E648A}.Release|x64.ActiveCfg = Release|x64
		{1C9D6466-8D81-4E49-9736-476AC24E648A}.Release|x64.Build.0 = Release|x64
		{1C9D6466-8D81-4E49-9736-476AC24E648A}.Release|x86.ActiveCfg = Release|Win32
		{1C9D6466-8D81-4E49-9736-476AC24E648A}.Release|x86.Build.0 = Release|Win32
		{5FBD0EA2-DBB9-45CB-84FE-C185AB259465}.Debug|x64.ActiveCfg = Debug|x64
		{5FBD0EA2-DBB9-45CB-84FE-C185AB259465}.Debug|x64.Build.0 = Debug|x64
		{5FBD0EA2-DBB9-45CB-84FE-C185AB259465}.Debug|x86.ActiveCfg = Debug|Win32
		{5FBD0EA2-DBB9-45CB-84FE-C185AB259465}.Debug|x86.Build.0 = Debug|Win32
		{5FBD0EA2-DBB9-45CB-84FE-C185AB259465}.Release|x64.ActiveCfg = Release|x64
		{5FBD0EA2-DBB9-45CB-84FE-C185AB259465}.Release|x64.Build.0 = Release|x64
		{5FBD0EA2-DBB9-45CB-84FE-C185AB259465}.Release|x86.ActiveCfg = Release|Win32
		{5FBD0EA2-DBB9-45CB-84FE-C185AB259465}.Release|x86.Build.0 = Release|Win32
		{097546EC-27BF-491C-850A-68313BB63CE5}.Debug|x64.ActiveCfg = Debug|x64
		{097546EC-27BF-491C-850A-68313BB63CE5}.Debug|x64.Build.0 = Debug|x64
		{097546EC-27BF-491C-850A-68313BB63CE5}.Debug|x86.ActiveCfg = Debug|Win32
		{097546EC-27BF-491C-850A-68313BB63CE5}.Debug|x86.Build.0 = Debug|Win32
		{097546EC-27BF-491C-850A-68313BB63CE5}.Release|x64.ActiveCfg = Release|x64
		{097546EC-27BF-491C-850A-68313BB63CE5}.Release|x64.Build.0 = Release|x64
		{097546EC-27BF-491C-850A-68313BB63CE5}.Release|x86.ActiveCfg = Release|Win32
		{097546EC-27BF-491C-850A-68313BB63CE5}.Release|x86.Build.0 = Release|Win32
		{5C359AF6-FDFF-47B1-ABCB-1A7DA63D2513}.Debug|x64.ActiveCfg = Debug|x64
		{5C359AF6-FDFF-47B1-ABCB-1A7DA63D2513}.Debug|x64.Build.0 = Debug|x64
		{5C359AF6-FDFF-47B1-ABCB-1A7DA63D2513}.Debug|x86.ActiveCfg = Debug|Win32
		{5C359AF6-FDFF-47B1-ABCB-1A7DA63D2513}.Debug|x86.Build.0 = Debug|Win32
		{5C359AF6-FDFF-47B1-ABCB-1A7DA63D2513}.Release|x64.ActiveCfg = Release|x64
		{5C359AF6-FDFF-47B1-ABCB-1A7DA63D2513}.Release|x64.Build.0 = Release|x64
		{5C359AF6-FDFF-47B1-ABCB-1A7DA63D2513}.Release|x86.ActiveCfg = Release|Win32
		{5C359AF6-FDFF-47B1-ABCB-1A7DA63D2513}.Release|x86.Build.0 = Release|Win32
		{BA5A0C36-082E-4416-A547-0BA50F6E3CFB}.Debug|x64.ActiveCfg = Debug|x64
		{BA5A0C36-082E-4416-A547-0BA50F6E3CFB}.Debug|x64.Build.0 = Debug|x64
		{BA5A0C36-082E-4416-A547-0BA50F6E3CFB}.Debug|x86.ActiveCfg = Debug|Win32
		{BA5A0C36-082E-4416-A547-0BA50F6E3CFB}.Debug|x86.Build.0 = Debug|Win32
		{BA5A0C36-082E-4416-A547-0BA50F6E3CFB}.Release|x64.ActiveCfg = Release|x64
		{BA5A0C36-082E-4416-A547-0BA50F6E3CFB}.Release|x64.Build.0 = Release|x64
		{BA5A0C36-082E-4416-A547-0BA50F6E3CFB}.Release|x86.ActiveCfg = Release|Win32
		{BA5A0C36-082E-4416-A547-0BA50F6E3CFB}.Release|x86.Build.0 = Release|Win32
		{04402DAF-3C7B-4AFA-89A2-9EFF669269C8}.Debug|x64.ActiveCfg = Debug|x64
		{04402DAF-3C7B-4AFA-89A2-9EFF669269C8}.Debug|x64.Build.0 = Debug|x64
		{04402DAF-3C7B-4AFA-89A2-9EFF669269C8}.Debug|x86.ActiveCfg = Debug|Win32
		{04402DAF-3C7B-4AFA-89A2-9EFF669269C8}.Debug|x86.Build.0 = Debug|Win32
		{04402DAF-3C7B-4AFA-89A2-9EFF669269C8}.Release|x64.ActiveCfg = Release|x64
		{04402DAF-3C7B-4AFA-89A2-9EFF669269C8}.Release|x64.Build.0 = Release|x64
		{04402DAF-3C7B-4AFA-89A2-9EFF669269C8}.Release|x86.ActiveCfg = Release|Win32
		{04402DAF-3C7B-4AFA-89A2-9EFF669269C8}.Release|x86.Build.0 = Release|Win32
		{8726C538-70D4-48AA-A17F-C23F0CBD550B}.Debug|x64.ActiveCfg = Debug|x64
		{8726C538-70D4-48AA-A17F-C23F0CBD550B}.Debug|x64.Build.0 = Debug|x64
		{8726C538-70D4-48AA-A17F-C23F0CBD550B}.Debug|x86.ActiveCfg = Debug|Win32
		{8726C538-70D4-48AA-A17F-C23F0CBD550B}.Debug|x86.Build.0 = Debug|Win32
		{8726C538-70D4-48AA-A17F-C23F0CBD550B}.Release|x64.ActiveCfg = Release|x64
		{8726C538-70D4-48AA-A17F-C23F0CBD550B}.Release|x64.Build.0 = Release|x64
		{8726C538-70D4-48AA-A17F-C23F0CBD550B}.Release|x86.ActiveCfg = Release|Win32
		{8726C538-70D4-48AA-A17F-C23F0CBD550B}.Release|x86.Build.0 = Release|Win32
		{AB78E822-FBDF-4054-9E43-F419BAC128DE}.Debug|x64.ActiveCfg = Debug|x64
		{AB78E822-FBDF-4054-9E43-F419BAC128DE}.Debug|x64.Build.0 = Debug|x64
		{AB78E822-FBDF-4054-9E43-F419BAC128DE}.Debug|x86.ActiveCfg = Debug|Win32
		{AB78E822-FBDF-4054-9E43-F419BAC128DE}.Debug|x86.Build.0 = Debug|Win32
		{AB78E822-FBDF-4054-9E43-F419BAC128DE}.Release|x64.ActiveCfg = Release|x64
		{AB78E822-FBDF-4054-9E43-F419BAC128DE}.Release|x64.Build.0 = Release|x64
		{AB78E822-FBDF-4054-9E43-F419BAC128DE}.Release|x86.ActiveCfg = Release|Win32
		{AB78E822-FBDF-4054-9E43-F419BAC128DE}.Release|x86.Build.0 = Release|Win32
		{D1DFD2F2-22DC-4A60-8F2B-3FC9FECC8C0A}.Debug|x64.ActiveCfg = Debug|x64
		{D1DFD2F2-22DC-4A60-8F2B-3FC9FECC8C0A}.Debug|x64.Build.0 = Debug|x64
		{D1DFD2F2-22DC-4A60-8F2B-3FC9FECC8C0A}.Debug|x86.ActiveCfg = Debug|Win32
		{D1DFD2F2-22DC-4A60-8F2B-3FC9FECC8C0A}.Debug|x86.Build.0 = Debug|Win32
		{D1DFD2F2-22DC-4A60-8F2B-3FC9FECC8C0A}.Release|x64.ActiveCfg = Release|x64
		{D1DFD2F2-22DC-4A60-8F2B-3FC9FECC8C0A}.Release|x64.Build.0 = Release|x64
		{D1DFD2F2-22DC-4A60-8F2B-3FC9FECC8C0A}.Release|x86.ActiveCfg = Release|Win32
		{D1DFD2F2-22DC-4A60-8F2B-3FC9FECC8C0A}.Release|x86.Build.0 = Release|Win32
		{95FDB0F2-99BE-454E-87FD-FA41F9B86AB8}.Debug|x64.ActiveCfg = Debug|x64
		{95FDB0F2-99BE-454E-87FD-FA41F9B86AB8}.Debug|x64.Build.0 = Debug|x64
		{95FDB0F2-99BE-454E-87FD-FA41F9B86AB8}.Debug|x86.ActiveCfg = Debug|Win32
		{95FDB0F2-99BE-454E-87FD-FA41F9B86AB8}.Debug|x86.Build.0 = Debug|Win32
		{95FDB0F2-99BE-454E-87FD-FA41F9B86AB8}.Release|x64.ActiveCfg = Release|x64
		{95FDB0F2-99BE-454E-87FD-FA41F9B86AB8}.Release|x64.Build.0 = Release|x64
		{95FDB0F2-99BE-454E-87FD-FA41F9B86AB8}.Release|x86.ActiveCfg = Release|Win32
		{95FDB0F2-99BE-454E-87FD-FA41F9B86AB8}.Release|x86.Build.0 = Release|Win32
		{51832D35-E293-4F25-8D2B-DE219EE12AAD}.Debug|x64.ActiveCfg = Debug|x64
		{51832D35-E293-4F25-8D2B-DE219EE12AAD}.Debug|x64.Build.0 = Debug|x64
		{51832D35-E293-4F25-8D2B-DE219EE12AAD}.Debug|x86.ActiveCfg = Debug|Win32
		{51832D35-E293-4F25-8D2B-DE219EE12AAD}.Debug|x86.Build.0 = Debug|Win32
		{51832D35-E293-4F25-8D2B-DE219EE12AAD}.Release|x64.ActiveCfg = Release|x64
		{51832D35-E293-4F25-8D2B-DE219EE12AAD}.Release|x64.Build.0 = Release|x64
		{51832D35-E293-4F25-8D2B-DE219EE12AAD}.Release|x86.ActiveCfg = Release|Win32
		{51832D35-E293-4F25-8D2B-DE219EE12AAD}.Release|x86.Build.0 = Release|Win32
		{9F49DDC4-40E3-4768-A5F4-4C160A1A0B2A}.Debug|x64.ActiveCfg = Debug|x64
		{9F49DDC4-40E3-4768-A5F4-4C160A1A0B2A}.Debug|x64.Build.0 = Debug|x64
		{9F49DDC4-40E3-4768-A5F4-4C160A1A0B2A}.Debug|x86.ActiveCfg = Debug|Win32
		{9F49DDC4-40E3-4768-A5F4-4C160A1A0B2A}.Debug|x86.Build.0 = Debug|Win32
		{9F49DDC4-40E3-4768-A5F4-4C160A1A0B2A}.Release|x64.ActiveCfg = Release|x64
		{9F49DDC4-40E3-4768-A5F4-4C160A1A0B2A}.Release|x64.Build.0 = Release|x64
		{9F49DDC4-40E3-4768-A5F4-4C160A1A0B2A}.Release|x86.ActiveCfg = Release|Win32
		{9F49DDC4-40E3-4768-A5F4-4C160A1A0B2A}.Release|x86.Build.0 = Release|Win32
		{BFAE622C-47FC-47C2-BB74-5ECFE515B9BC}.Debug|x64.ActiveCfg = Debug|x64
		{BFAE622C-47FC-47C2-BB74-5ECFE515B9BC}.Debug|x64.Build.0 = Debug|x64
		{BFAE622C-47FC-47C2-BB74-5ECFE515B9BC}.Debug|x86.ActiveCfg = Debug|Win32
		{BFAE622C-47FC-47C2-BB74-5ECFE515B9BC}.Debug|x86.Build.0 = Debug|Win32
		{BFAE622C-47FC-47C2-BB74-5ECFE515B9BC}.Release|x64.ActiveCfg = Release|x64
		{BFAE622C-47FC-47C2-BB74-5ECFE515B9BC}.Release|x64.Build.0 = Release|x64
		{BFAE622C-47FC-47C2-BB74-5ECFE515B9BC}.Release|x86.ActiveCfg = Release|Win32
		{BFAE622C-47FC-47C2-BB74-5ECFE515B9BC}.Release|x86.Build.0 = Release|Win32
		{C8896624-B6EE-4D99-8E61-8DB551F4E90C}.Debug|x64.ActiveCfg = Debug|x64
		{C8896624-B6EE-4D99-8E61-8DB551F4E90C}.Debug|x64.Build.0 = Debug|x64
		{C8896624-B6EE-4D99-8E61-8DB551F4E90C}.Debug|x86.ActiveCfg = Debug|Win32
		{C8896624-B6EE-4D99-8E61-8DB551F4E90C}.Debug|x86.Build.0 = Debug|Win32
		{C8896624-B6EE-4D99-8E61-8DB551F4E90C}.Release|x64.ActiveCfg = Release|x64
		{C8896624-B6EE-4D99-8E61-8DB551F4E90C}.Release|x64.Build.0 = Release|x64
		{C8896624-B6EE-4D99-8E61-8DB551F4E90C}.Release|x86.ActiveCfg = Release|Win32
		{C8896624-B6EE-4D99-8E61-8DB551F4E90C}.Release|x86.Build.0 = Release|Win32
		{3FAD1FED-E63D-4882-A156-D4947CA6A977}.Debug|x64.ActiveCfg = Debug|x64
		{3FAD1FED-E63D-4882-A156-D4947CA6A977}.Debug|x64.Build.0 = Debug|x64
		{3FAD1FED-E63D-4882-A156-D4947CA6A977}.Debug|x86.ActiveCfg = Debug|Win32
		{3FAD1FED-E63D-4882-A156-D4947CA6A977}.Debug|x86.Build.0 = Debug|Win32
		{3FAD1FED-E63D-4882-A156-D4947CA6A977}.Release|x64.ActiveCfg = Release|x64
		{3FAD1FED-E63D-4882-A156-D4947CA6A977}.Release|x64.Build.0 = Release|x64
		{3FAD1FED-E63D-4882-A156-D4947CA6A977}.Release|x86.ActiveCfg = Release|Win32
		{3FAD1FED-E63D-4882-A156-D4947CA6A977}.Release|x86.Build.0 = Release|Win32
		{C5C8B6B9-DAE1-4F2B-B43C-3E57929A0056}.Debug|x64.ActiveCfg = Debug|x64
		{C5C8B6B9-DAE1-4F2B-B43C-3E57929A0056}.Debug|x64.Build.0 = Debug|x64
		{C5C8B6B9-DAE1-4F2B-B43C-3E57929A0056}.Debug|x86.ActiveCfg = Debug|Win32
		{C5C8B6B9-DAE1-4F2B-B43C-3E57929A0056}.Debug|x86.Build.0 = Debug|Win32
		{C5C8B6B9-DAE1-4F2B-B43C-3E57929A0056}.Release|x64.ActiveCfg = Release|x64
		{C5C8B6B9-DAE1-4F2B-B43C-3E57929A0056}.Release|x64.Build.0 = Release|x64
		{C5C8B6B9-DAE1-4F2B-B43C-3E57929A0056}.Release|x86.ActiveCfg = Release|Win32
		{C5C8B6B9-DAE1-4F2B-B43C-3E57929A0056}.Release|x86.Build.0 = Release|Win32
		{E345B355-0B45-4CCA-87BF-87B825A36EF3}.Debug|x64.ActiveCfg = Debug|x64
		{E345B355-0B45-4CCA-87BF-87B825A36EF3}.Debug|x64.Build.0 = Debug|x64
		{E345B355-0B45-4CCA-87BF-87B825A36EF3}.Debug|x86.ActiveCfg = Debug|Win32
		{E345B355-0B45-4CCA-87BF-87B825A36EF3}.Debug|x86.Build.0 = Debug|Win32
		{E345B355-0B45-4CCA-87BF-87B825A36EF3}.Release|x64.ActiveCfg = Release|x64
		{E345B355-0B45-4CCA-87BF-87B825A36EF3}.Release|x64.Build.0 = Release|x64
		{E345B355-0B45-4CCA-87BF-87B825A36EF3}.Release|x86.ActiveCfg = Release|Win32
		{E345B355-0B45-4CCA-87BF-87B825A36EF3}.Release|x86.Build.0 = Release|Win32
		{EC471D2F-BA4E-414D-9E9B-A03F2FA8C912}.Debug|x64.ActiveCfg = Debug|x64
		{EC471D2F-BA4E-414D-9E9B-A03F2FA8C912}.Debug|x64.Build.0 = Debug|x64
		{EC471D2F-BA4E-414D-9E9B-A03F2FA8C912}.Debug|x86.ActiveCfg = Debug|Win32
		{EC471D2F-BA4E-414D-9E9B-A03F2FA8C912}.Debug|x86.Build.0 = Debug|Win32
		{EC471D2F-BA4E-414D-9E9B-A03F2FA8C912}.Release|x64.ActiveCfg = Release|x64
		{EC471D2F-BA4E-414D-9E9B-A03F2FA8C912}.Release|x64.Build.0 = Release|x64
		{EC471D2F-BA4E-414D-9E9B-A03F2FA8C912}.Release|x86.ActiveCfg = Release|Win32
		{EC471D2F-BA4E-414D-9E9B-A03F2FA8C912}.Release|x86.Build.0 = Release|Win32
		{F02D50AC-768A-474C-B9B3-82711736F40B}.Debug|x64.ActiveCfg = Debug|x64
		{F02D50AC-768A-474C-B9B3-82711736F40B}.Debug|x64.Build.0 = Debug|x64
		{F02D50AC-768A-474C-B9B3-82711736F40B}.Debug|x86.ActiveCfg = Debug|Win32
		{F02D50AC-768A-474C-B9B3-82711736F40B}.Debug|x86.Build.0 = Debug|Win32
		{F02D50AC-768A-474C-B9B3-82711736F40B}.Release|x64.ActiveCfg = Release|x64
		{F02D50AC-768A-474C-B9B3-82711736F40B}.Release|x64.Build.0 = Release|x64
		{F02D50AC-768A-474C-B9B3-82711736F40B}.Release|x86.ActiveCfg = Release|Win32
		{F02D50AC-768A-474C-B9B3-82711736F40B}.Release|x86.Build.0 = Release|Win32
		{0DAC9FFE-B6DE-4B46-8541-9A17DE3D07BE}.Debug|x64.ActiveCfg = Debug|x64
		{0DAC9FFE-B6DE-4B46-8541-9A17DE3D07BE}.Debug|x64.Build.0 = Debug|x64
		{0DAC9FFE-B6DE-4B46-8541-9A17DE3D07BE}.Debug|x86.ActiveCfg = Debug|Win32
		{0DAC9FFE-B6DE-4B46-8541-9A17DE3D07BE}.Debug|x86.Build.0 = Debug|Win32
		{0DAC9FFE-B6DE-4B46-8541-9A17DE3D07BE}.Release|x64.ActiveCfg = Release|x64
		{0DAC9FFE-B6DE-4B46-8541-9A17DE3D07BE}.Release|x64.Build.0 = Release|x64
		{0DAC9FFE-B6DE-4B46-8541-9A17DE3D07BE}.Release|x86.ActiveCfg = Release|Win32
		{0DAC9FFE-B6DE-4B46-8541-9A17DE3D07BE}.Release|x86.Build.0 = Release|Win32
		{BB5DF849-725F-4A0B-BF93-659DAC1797BA}.Debug|x64.ActiveCfg = Debug|x64
		{BB5DF849-725F-4A0B-BF93-659DAC1797BA}.Debug|x64.Build.0 = Debug|x64
		{BB5DF849-725F-4A0B-BF93-659DAC1797BA}.Debug|x86.ActiveCfg = Debug|Win32
		{BB5DF849-725F-4A0B-BF93-659DAC1797BA}.Debug|x86.Build.0 = Debug|Win32
		{BB5DF849-725F-4A0B-BF93-659DAC1797BA}.Release|x64.ActiveCfg = Release|x64
		{BB5DF849-725F-4A0B-BF93-659DAC1797BA}.Release|x64.Build.0 = Release|x64
		{BB5DF849-725F-4A0B-BF93-659DAC1797BA}.Release|x86.ActiveCfg = Release|Win32
		{BB5DF849-725F-4A0B-BF93-659DAC1797BA}.Release|x86.Build.0 = Release|Win32
		{A2C9E431-2583-4C85-99C9-AB6D97D2E534}.Debug|x64.ActiveCfg = Debug|x64
		{A2C9E431-2583-4C85-99C9-AB6D97D2E534}.Debug|x64.Build.0 = Debug|x64
		{A2C9E431-2583-4C85-99C9-AB6D97D2E534}.Debug|x86.ActiveCfg = Debug|Win32
		{A2C9E431-2583-4C85-99C9-AB6D97D2E534}.Debug|x86.Build.0 = Debug|Win32
		{A2C9E431-2583-4C85-99C9-AB6D97D2E534}.Release|x64.ActiveCfg = Release|x64
		{A2C9E431-2583-4C85-99C9-AB6D97D2E534}.Release|x64.Build.0 = Release|x64
		{A2C9E431-2583-4C85-99C9-AB6D97D2E534}.Release|x86.ActiveCfg = Release|Win32
		{A2C9E431-2583-4C85-99C9-AB6D97D2E534}.Release|x86.Build.0 = Release|Win32
		{64972A5E-82A9-46AF-8014-3C6F9257E673}.Debug|x64.ActiveCfg = Debug|x64
		{64972A5E-82A9-46AF-8014-3C6F9257E673}.Debug|x64.Build.0 = Debug|x64
		{64972A5E-82A9-46AF-8014-3C6F9257E673}.Debug|x86.ActiveCfg = Debug|Win32
		{64972A5E-82A9-46AF-8014-3C6F9257E673}.Debug|x86.Build.0 = Debug|Win32
		{64972A5E-82A9-46AF-8014-3C6F9257E673}.Release|x64.ActiveCfg = Release|x64
		{64972A5E-82A9-46AF-8014-3C6F9257E673}.Release|x64.Build.0 = Release|x64
		{64972A5E-82A9-46AF-8014-3C6F9257E673}.Release|x86.ActiveCfg = Release|Win32
		{64972A5E-82A9-46AF-8014-3C6F9257E673}.Release|x86.Build.0 = Release|Win32
		{DF1B1523-C29E-4437-BD7F-9E66A62308E9}.Debug|x64.ActiveCfg = Debug|x64
		{DF1B1523-C29E-4437-BD7F-9E66A62308E9}.Debug|x64.Build.0 = Debug|x64
		{DF1B1523-C29E-4437-BD7F-9E66A62308E9}.Debug|x86.ActiveCfg = Debug|Win32
		{DF1B1523-C29E-4437-BD7F-9E66A62308E9}.Debug|x86.Build.0 = Debug|Win32
		{DF1B1523-C29E-4437-BD7F-9E66A62308E9}.Release|x64.ActiveCfg = Release|x64
		{DF1B1523-C29E-4437-BD7F-9E66A62308E9}.Release|x64.Build.0 = Release|x64
		{DF1B1523-C29E-4437-BD7F-9E66A62308E9}.Release|x86.ActiveCfg = Release|Win32
		{DF1B1523-C29E-4437-BD7F-9E66A62308E9}.Release|x86.Build.0 = Release|Win32
		{A5B36916-7799-4A7E-A6B0-340588C8C304}.Debug|x64.ActiveCfg = Debug|x64
		{A5B36916-7799-4A7E-A6B0-340588C8C304}.Debug|x64.Build.0 = Debug|x64
		{A5B36916-7799-4A7E-A6B0-340588C8C304}.Debug|x86.ActiveCfg = Debug|Win32
		{A5B36916-7799-4A7E-A6B0-340588C8C304}.Debug|x86.Build.0 = Debug|Win32
		{A5B36916-7799-4A7E-A6B0-340588C8C304}.Release|x64.ActiveCfg = Release|x64
		{A5B36916-7799-4A7E-A6B0-340588C8C304}.Release|x64.Build.0 = Release|x64
		{A5B36916-7799-4A7E-A6B0-340588C8C304}.Release|x86.ActiveCfg = Release|Win32
		{A5B36916-7799-4A7E-A6B0-340588C8C304}.Release|x86.Build.0 = Release|Win32
		{7F4CD7DC-36AD-47FF-BB0E-A536A76FF5AA}.Debug|x64.ActiveCfg = Debug|x64
		{7F4CD7DC-36AD-47FF-BB0E-A536A76FF5AA}.Debug|x64.Build.0 = Debug|x64
		{7F4CD7DC-36AD-47FF-BB0E-A536A76FF5AA}.Debug|x86.ActiveCfg = Debug|Win32
		{7F4CD7DC-36AD-47FF-BB0E-A536A76FF5AA}.Debug|x86.Build.0 = Debug|Win32
		{7F4CD7DC-36AD-47FF-BB0E-A536A76FF5AA}.Release|x64.ActiveCfg = Release|x64
		{7F4CD7DC-36AD-47FF-BB0E-A536A76FF5AA}.Release|x64.Build.0 = Release|x64
		{7F4CD7DC-36AD-47FF-BB0E-A536A76FF5AA}.Release|x86.ActiveCfg = Release|Win32
		{7F4CD7DC-36AD-47FF-BB0E-A536A76FF5AA}.Release|x86.Build.0 = Release|Win32
		{B3574711-715B-41C0-AFBD-CB04CE365619}.Debug|x64.ActiveCfg = Debug|x64
		{B3574711-715B-41C0-AFBD-CB04CE365619}.Debug|x64.Build.0 = Debug|x64
		{B3574711-715B-41C0-AFBD-CB04CE365619}.Debug|x86.ActiveCfg = Debug|Win32
		{B3574711-715B-41C0-AFBD-CB04CE365619}.Debug|x86.Build.0 = Debug|Win32
		{B3574711-715B-41C0-AFBD-CB04CE365619}.Release|x64.ActiveCfg = Release|x64
		{B3574711-715B-41C0-AFBD-CB04CE365619}.Release|x64.Build.0 = Release|x64
		{B3574711-715B-41C0-AFBD-CB04CE365619}.Release|x86.ActiveCfg = Release|Win32
		{B3574711-715B-41C0-AFBD-CB04CE365619}.Release|x86.Build.0 = Release|Win32
		{14E6EEA9-2FDD-405C-9251-941AC9CFD160}.Debug|x64.ActiveCfg = Debug|x64
		{14E6EEA9-2FDD-405C-9251-941AC9CFD160}.Debug|x64.Build.0 = Debug|x64
		{14E6EEA9-2FDD-405C-9251-941AC9CFD160}.Debug|x86.ActiveCfg = Debug|Win32
		{14E6EEA9-2FDD-405C-9251-941AC9CFD160}.Debug|x86.Build.0 = Debug|Win32
		{14E6EEA9-2FDD-405C-9251-941AC9CFD160}.Release|x64.ActiveCfg = Release|x64
		{14E6EEA9-2FDD-405C-9251-941AC9CFD160}.Release|x64.Build.0 = Release|x64
		{14E6EEA9-2FDD-405C-9251-941AC9CFD160}.Release|x86.ActiveCfg = Release|Win32
		{14E6EEA9-2FDD-405C-9251-941AC9CFD160}.Release|x86.Build.0 = Release|Win32
		{E9122286-A272-4152-91E9-12FE94A5BFCC}.Debug|x64.ActiveCfg = Debug|x64
		{E9122286-A272-4152-91E9-12FE94A5BFCC}.Debug|x64.Build.0 = Debug|x64
		{E9122286-A272-4152-91E9-12FE94A5BFCC}.Debug|x86.ActiveCfg = Debug|Win32
		{E9122286-A272-4152-91E9-12FE94A5BFCC}.Debug|x86.Build.0 = Debug|Win32
		{E9122286-A272-4152-91E9-12FE94A5BFCC}.Release|x64.ActiveCfg = Release|x64
		{E9122286-A272-4152-91E9-12FE94A5BFCC}.Release|x64.Build.0 = Release|x64
		{E9122286-A272-4152-91E9-12FE94A5BFCC}.Release|x86.ActiveCfg = Release|Win32
		{E9122286-A272-4152-91E9-12FE94A5BFCC}.Release|x86.Build.0 = Release|Win32
		{19A53856-443F-47CF-BA6B-DE5A73F4A7C0}.Debug|x64.ActiveCfg = Debug|x64
		{19A53856-443F-47CF-BA6B-DE5A73F4A7C0}.Debug|x64.Build.0 = Debug|x64
		{19A53856-443F-47CF-BA6B-DE5A73F4A7C0}.Debug|x86.ActiveCfg = Debug|Win32
		{19A53856-443F-47CF-BA6B-DE5A73F4A7C0}.Debug|x86.Build.0 = Debug|Win32
		{19A53856-443F-47CF-BA6B-DE5A73F4A7C0}.Release|x64.ActiveCfg = Release|x64
		{19A53856-443F-47CF-BA6B-DE5A73F4A7C0}.Release|x64.Build.0 = Release|x64
		{19A53856-443F-47CF-BA6B-DE5A73F4A7C0}.Release|x86.ActiveCfg = Release|Win32
		{19A53856-443F-47CF-BA6B-DE5A73F4A7C0}.Release|x86.Build.0 = Release|Win32
		{0C57176D-463C-46E2-8FB5-883EA8F957A2}.Debug|x64.ActiveCfg = Debug|x64
		{0C57176D-463C-46E2-8FB5-883EA8F957A2}.Debug|x64.Build.0 = Debug|x64
		{0C57176D-463C-46E2-8FB5-883EA8F957A2}.Debug|x86.ActiveCfg = Debug|Win32
		{0C57176D-463C-46E2-8FB5-883EA8F957A2}.Debug|x86.Build.0 = Debug|Win32
		{0C57176D-463C-46E2-8FB5-883EA8F957A2}.Release|x64.ActiveCfg = Release|x64
		{0C57176D-463C-46E2-8FB5-883EA8F957A2}.Release|x64.Build.0 = Release|x64
		{0C57176D-463C-46E2-8FB5-883EA8F957A2}.Release|x86.ActiveCfg = Release|Win32
		{0C57176D-463C-46E2-8FB5-883EA8F957A2}.Release|x86.Build.0 = Release|Win32
		{7EC6DE40-B896-4446-9EB5-91D14290EF0C}.Debug|x64.ActiveCfg = Debug|x64
		{7EC6DE40-B896-4446-9EB5-91D14290EF0C}.Debug|x64.Build.0 = Debug|x64
		{7EC6DE40-B896-4446-9EB5-91D14290EF0C}.Debug|x86.ActiveCfg = Debug|Win32
		{7EC6DE40-B896-4446-9EB5-91D14290EF0C}.Debug|x86.Build.0 = Debug|Win32
		{7EC6DE40-B896-4446-9EB5-91D14290EF0C}.Release|x64.ActiveCfg = Release|x64
		{7EC6DE40-B896-4446-9EB5-91D14290EF0C}.Release|x64.Build.0 = Release|x64
		{7EC6DE40-B896-4446-9EB5-91D14290EF0C}.Release|x86.ActiveCfg = Release|Win32
		{7EC6DE40-B896-4446-9EB5-91D14290EF0C}.Release|x86.Build.0 = Release|Win32
		{F9C54D7E-B5AA-496D-B7A3-202F4330A682}.Debug|x64.ActiveCfg = Debug|x64
		{F9C54D7E-B5AA-496D-B7A3-202F4330A682}.Debug|x64.Build.0 = Debug|x64
		{F9C54D7E-B5AA-496D-B7A3-202F4330A682}.Debug|x86.ActiveCfg = Debug|Win32
		{F9C54D7E-B5AA-496D-B7A3-202F4330A682}.Debug|x86.Build.0 = Debug|Win32
		{F9C54D7E-B5AA-496D-B7A3-202F4330A682}.Release|x64.ActiveCfg = Release|x64
		{F9C54D7E-B5AA-496D-B7A3-202F4330A682}.Release|x64.Build.0 = Release|x64
		{F9C54D7E-B5AA-496D-B7A3-202F4330A682}.Release|x86.ActiveCfg = Release|Win32
		{F9C54D7E-B5AA-496D-B7A3-202F4330A682}.Release|x86.Build.0 = Release|Win32
		{27D5A9BC-1C3A-4D96-B018-1E3B0323F58A}.Debug|x64.ActiveCfg = Debug|x64
		{27D5A9BC-1C3A-4D96-B018-1E3B0323F58A}.Debug|x64.Build.0 = Debug|x64
		{27D5A9BC-1C3A-4D96-B018-1E3B0323F58A}.Debug|x86.ActiveCfg = Debug|Win32
		{27D5A9BC-1C3A-4D96-B018-1E3B0323F58A}.Debug|x86.Build.0 = Debug|Win32
		{27D5A9BC-1C3A-4D96-B018-1E3B0323F58A}.Release|x64.ActiveCfg = Release|x64
		{27D5A9BC-1C3A-4D96-B018-1E3B0323F58A}.Release|x64.Build.0 = Release|x64
		{27D5A9BC-1C3A-4D96-B018-1E3B0323F58A}.Release|x86.ActiveCfg = Release|Win32
		{27D5A9BC-1C3A-4D96-B018-1E3B0323F58A}.Release|x86.Build.0 = Release|Win32
		{69E99D95-70F0-48A0-A774-481566E085FD}.Debug|x64.ActiveCfg = Debug|x64
		{69E99D95-70F0-48A0-A774-481566E085FD}.Debug|x64.Build.0 = Debug|x64
		{69E99D95-70F0-48A0-A774-481566E085FD}.Debug|x86.ActiveCfg = Debug|Win32
		{69E99D95-70F0-48A0-A774-481566E085FD}.Debug|x86.Build.0 = Debug|Win32
		{69E99D95-70F0-48A0-A774-481566E085FD}.Release|x64.ActiveCfg = Release|x64
		{69E99D95-70F0-48A0-A774-481566E085FD}.Release|x64.Build.0 = Release|x64
		{69E99D95-70F0-48A0-A774-481566E085FD}.Release|x86.ActiveCfg = Release|Win32
		{69E99D95-70F0-48A0-A774-481566E085FD}.Release|x86.Build.0 = Release|Win32
		{9CFA0FD4-386E-4BDD-B646-3D667C6CAD07}.Debug|x64.ActiveCfg = Debug|x64
		{9CFA0FD4-386E-4BDD-B646-3D667C6CAD07}.Debug|x64.Build.0 = Debug|x64
		{9CFA0FD4-386E-4BDD-B646-3D667C6CAD07}.Debug|x86.ActiveCfg = Debug|Win32
		{9CFA0FD4-386E-4BDD-B646-3D667C6CAD07}.Debug|x86.Build.0 = Debug|Win32
		{9CFA0FD4-386E-4BDD-B646-3D667C6CAD07}.Release|x64.ActiveCfg = Release|x64
		{9CFA0FD4-386E-4BDD-B646-3D667C6CAD07}.Release|x64.Build.0 = Release|x64
		{9CFA0FD4-386E-4BDD-B646-3D667C6CAD07}.Release|x86.ActiveCfg = Release|Win32
		{9CFA0FD4-386E-4BDD-B646-3D667C6CAD07}.Release|x86.Build.0 = Release|Win32
		{146AABC4-9F8B-453F-A0F7-80162AC33A48}.Debug|x64.ActiveCfg = Debug|x64
		{146AABC4-9F8B-453F-A0F7-80162AC33A48}.Debug|x64.Build.0 = Debug|x64
		{146AABC4-9F8B-453F-A0F7-80162AC33A48}.Debug|x86.ActiveCfg = Debug|Win32
		{146AABC4-9F8B-453F-A0F7-80162AC33A48}.Debug|x86.Build.0 = Debug|Win32
		{146AABC4-9F8B-453F-A0F7-80162AC33A48}.Release|x64.ActiveCfg = Release|x64
		{146AABC4-9F8B-453F-A0F7-80162AC33A48}.Release|x64.Build.0 = Release|x64
		{146AABC4-9F8B-453F-A0F7-80162AC33A48}.Release|x86.ActiveCfg = Release|Win32
		{146AABC4-9F8B-453F-A0F7-80162AC33A48}.Release|x86.Build.0 = Release|Win32
		{7989810E-EB75-404B-9F5E-69BC964ED033}.Debug|x64.ActiveCfg = Debug|x64
		{7989810E-EB75-404B-9F5E-69BC964ED033}.Debug|x64.Build.0 = Debug|x64
		{7989810E-EB75-404B-9F5E-69BC964ED033}.Debug|x86.ActiveCfg = Debug|Win32
		{7989810E-EB75-404B-9F5E-69BC964ED033}.Debug|x86.Build.0 = Debug|Win32
		{7989810E-EB75-404B-9F5E-69BC964ED033}.Release|x64.ActiveCfg = Release|x64
		{7989810E-EB75-404B-9F5E-69BC964ED033}.Release|x64.Build.0 = Release|x64
		{7989810E-EB75-404B-9F5E-69BC964ED033}.Release|x86.ActiveCfg = Release|Win32
		{7989810E-EB75-404B-9F5E-69BC964ED033}.Release|x86.Build.0 = Release|Win32
		{A7F0D1FA-4744-4F11-8A2E-85053C706EEA}.Debug|x64.ActiveCfg = Debug|x64
		{A7F0D1FA-4744-4F11-8A2E-85053C706EEA}.Debug|x64.Build.0 = Debug|x64
		{A7F0D1FA-4744-4F11-8A2E-85053C706EEA}.Debug|x86.ActiveCfg = Debug|Win32
		{A7F0D1FA-4744-4F11-8A2E-85053C706EEA}.Debug|x86.Build.0 = Debug|Win32
		{A7F0D1FA-4744-4F11-8A2E-85053C706EEA}.Release|x64.ActiveCfg = Release|x64
		{A7F0D1FA-4744-4F11-8A2E-85053C706EEA}.Release|x64.Build.0 = Release|x64
		{A7F0D1FA-4744-4F11-8A2E-85053C706EEA}.Release|x86.ActiveCfg = Release|Win32
		{A7F0D1FA-4744-4F11-8A2E-85053C706EEA}.Release|x86.Build.0 = Release|Win32
	EndGlobalSection
	GlobalSection(SolutionProperties) = preSolution
		HideSolutionNode = FALSE
	EndGlobalSection
	GlobalSection(ExtensibilityGlobals) = postSolution
		SolutionGuid = {4E186CC7-877F-4E11-9843-56FC1FBD57DC}
	EndGlobalSection
EndGlobal
