
Microsoft Visual Studio Solution File, Format Version 12.00
# Visual Studio Version 16
VisualStudioVersion = 16.0.32929.386
MinimumVisualStudioVersion = 10.0.40219.1
Project("{8BC9CEB8-8B4A-11D0-8D11-00A0C91BC942}") = "AtentsCpp01", "AtentsCpp01\AtentsCpp01.vcxproj", "{1C9D6466-8D81-4E49-9736-476AC24E648A}"
EndProject
Project("{8BC9CEB8-8B4A-11D0-8D11-00A0C91BC942}") = "AtentsDS01", "AtentsDS01\AtentsDS01.vcxproj", "{5FBD0EA2-DBB9-45CB-84FE-C185AB259465}"
EndProject
Project("{8BC9CEB8-8B4A-11D0-8D11-00A0C91BC942}") = "AtentsCpp02", "AtentsCpp02\AtentsCpp02.vcxproj", "{097546EC-27BF-491C-850A-68313BB63CE5}"
EndProject
Project("{8BC9CEB8-8B4A-11D0-8D11-00A0C91BC942}") = "AtentsDS02", "AtentsDS02\AtentsDS02.vcxproj", "{5C359AF6-FDFF-47B1-ABCB-1A7DA63D2513}"
EndProject
Project("{8BC9CEB8-8B4A-11D0-8D11-00A0C91BC942}") = "AtentsCpp03", "AtentsCpp03\AtentsCpp03.vcxproj", "{BA5A0C36-082E-4416-A547-0BA50F6E3CFB}"
EndProject
Project("{8BC9CEB8-8B4A-11D0-8D11-00A0C91BC942}") = "AtentsDS03", "AtentsDS03\AtentsDS03.vcxproj", "{04402DAF-3C7B-4AFA-89A2-9EFF669269C8}"
EndProject
Project("{8BC9CEB8-8B4A-11D0-8D11-00A0C91BC942}") = "AtentsCpp04", "AtentsCpp04\AtentsCpp04.vcxproj", "{8726C538-70D4-48AA-A17F-C23F0CBD550B}"
EndProject
Project("{8BC9CEB8-8B4A-11D0-8D11-00A0C91BC942}") = "AtentsDS04", "AtentsDS04\AtentsDS04.vcxproj", "{AB78E822-FBDF-4054-9E43-F419BAC128DE}"
EndProject
Project("{8BC9CEB8-8B4A-11D0-8D11-00A0C91BC942}") = "AtentsCpp05", "AtentsCpp05\AtentsCpp05.vcxproj", "{D1DFD2F2-22DC-4A60-8F2B-3FC9FECC8C0A}"
EndProject
Project("{8BC9CEB8-8B4A-11D0-8D11-00A0C91BC942}") = "AtentsDS05", "AtentsCD05\AtentsCD05.vcxproj", "{95FDB0F2-99BE-454E-87FD-FA41F9B86AB8}"
EndProject
Project("{8BC9CEB8-8B4A-11D0-8D11-00A0C91BC942}") = "AtentsCpp06", "AtentsCpp06\AtentsCpp06.vcxproj", "{51832D35-E293-4F25-8D2B-DE219EE12AAD}"
EndProject
Project("{8BC9CEB8-8B4A-11D0-8D11-00A0C91BC942}") = "AtentsDS06", "AtentsDS06\AtentsDS06.vcxproj", "{9F49DDC4-40E3-4768-A5F4-4C160A1A0B2A}"
EndProject
Project("{8BC9CEB8-8B4A-11D0-8D11-00A0C91BC942}") = "AtentsCpp07", "Project1\Project1.vcxproj", "{BFAE622C-47FC-47C2-BB74-5ECFE515B9BC}"
EndProject
Project("{8BC9CEB8-8B4A-11D0-8D11-00A0C91BC942}") = "AtentsDS07", "AtentsDS07\AtentsDS07.vcxproj", "{C8896624-B6EE-4D99-8E61-8DB551F4E90C}"
EndProject
Project("{8BC9CEB8-8B4A-11D0-8D11-00A0C91BC942}") = "AtentsCpp08", "AtentsCpp08\AtentsCpp08.vcxproj", "{3FAD1FED-E63D-4882-A156-D4947CA6A977}"
EndProject
Project("{8BC9CEB8-8B4A-11D0-8D11-00A0C91BC942}") = "AtentsDS08", "AtentsDS08\AtentsDS08.vcxproj", "{C5C8B6B9-DAE1-4F2B-B43C-3E57929A0056}"
EndProject
Global
	GlobalSection(SolutionConfigurationPlatforms) = preSolution
		Debug|x64 = Debug|x64
		Debug|x86 = Debug|x86
		Release|x64 = Release|x64
		Release|x86 = Release|x86
	EndGlobalSection
	GlobalSection(ProjectConfigurationPlatforms) = postSolution
		{1C9D6466-8D81-4E49-9736-476AC24E648A}.Debug|x64.ActiveCfg = Debug|x64
		{1C9D6466-8D81-4E49-9736-476AC24E648A}.Debug|x64.Build.0 = Debug|x64
		{1C9D6466-8D81-4E49-9736-476AC24E648A}.Debug|x86.ActiveCfg = Debug|Win32
		{1C9D6466-8D81-4E49-9736-476AC24E648A}.Debug|x86.Build.0 = Debug|Win32
		{1C9D6466-8D81-4E49-9736-476AC24E648A}.Release|x64.ActiveCfg = Release|x64
		{1C9D6466-8D81-4E49-9736-476AC24E648A}.Release|x64.Build.0 = Release|x64
		{1C9D6466-8D81-4E49-9736-476AC24E648A}.Release|x86.ActiveCfg = Release|Win32
		{1C9D6466-8D81-4E49-9736-476AC24E648A}.Release|x86.Build.0 = Release|Win32
		{5FBD0EA2-DBB9-45CB-84FE-C185AB259465}.Debug|x64.ActiveCfg = Debug|x64
		{5FBD0EA2-DBB9-45CB-84FE-C185AB259465}.Debug|x64.Build.0 = Debug|x64
		{5FBD0EA2-DBB9-45CB-84FE-C185AB259465}.Debug|x86.ActiveCfg = Debug|Win32
		{5FBD0EA2-DBB9-45CB-84FE-C185AB259465}.Debug|x86.Build.0 = Debug|Win32
		{5FBD0EA2-DBB9-45CB-84FE-C185AB259465}.Release|x64.ActiveCfg = Release|x64
		{5FBD0EA2-DBB9-45CB-84FE-C185AB259465}.Release|x64.Build.0 = Release|x64
		{5FBD0EA2-DBB9-45CB-84FE-C185AB259465}.Release|x86.ActiveCfg = Release|Win32
		{5FBD0EA2-DBB9-45CB-84FE-C185AB259465}.Release|x86.Build.0 = Release|Win32
		{097546EC-27BF-491C-850A-68313BB63CE5}.Debug|x64.ActiveCfg = Debug|x64
		{097546EC-27BF-491C-850A-68313BB63CE5}.Debug|x64.Build.0 = Debug|x64
		{097546EC-27BF-491C-850A-68313BB63CE5}.Debug|x86.ActiveCfg = Debug|Win32
		{097546EC-27BF-491C-850A-68313BB63CE5}.Debug|x86.Build.0 = Debug|Win32
		{097546EC-27BF-491C-850A-68313BB63CE5}.Release|x64.ActiveCfg = Release|x64
		{097546EC-27BF-491C-850A-68313BB63CE5}.Release|x64.Build.0 = Release|x64
		{097546EC-27BF-491C-850A-68313BB63CE5}.Release|x86.ActiveCfg = Release|Win32
		{097546EC-27BF-491C-850A-68313BB63CE5}.Release|x86.Build.0 = Release|Win32
		{5C359AF6-FDFF-47B1-ABCB-1A7DA63D2513}.Debug|x64.ActiveCfg = Debug|x64
		{5C359AF6-FDFF-47B1-ABCB-1A7DA63D2513}.Debug|x64.Build.0 = Debug|x64
		{5C359AF6-FDFF-47B1-ABCB-1A7DA63D2513}.Debug|x86.ActiveCfg = Debug|Win32
		{5C359AF6-FDFF-47B1-ABCB-1A7DA63D2513}.Debug|x86.Build.0 = Debug|Win32
		{5C359AF6-FDFF-47B1-ABCB-1A7DA63D2513}.Release|x64.ActiveCfg = Release|x64
		{5C359AF6-FDFF-47B1-ABCB-1A7DA63D2513}.Release|x64.Build.0 = Release|x64
		{5C359AF6-FDFF-47B1-ABCB-1A7DA63D2513}.Release|x86.ActiveCfg = Release|Win32
		{5C359AF6-FDFF-47B1-ABCB-1A7DA63D2513}.Release|x86.Build.0 = Release|Win32
		{BA5A0C36-082E-4416-A547-0BA50F6E3CFB}.Debug|x64.ActiveCfg = Debug|x64
		{BA5A0C36-082E-4416-A547-0BA50F6E3CFB}.Debug|x64.Build.0 = Debug|x64
		{BA5A0C36-082E-4416-A547-0BA50F6E3CFB}.Debug|x86.ActiveCfg = Debug|Win32
		{BA5A0C36-082E-4416-A547-0BA50F6E3CFB}.Debug|x86.Build.0 = Debug|Win32
		{BA5A0C36-082E-4416-A547-0BA50F6E3CFB}.Release|x64.ActiveCfg = Release|x64
		{BA5A0C36-082E-4416-A547-0BA50F6E3CFB}.Release|x64.Build.0 = Release|x64
		{BA5A0C36-082E-4416-A547-0BA50F6E3CFB}.Release|x86.ActiveCfg = Release|Win32
		{BA5A0C36-082E-4416-A547-0BA50F6E3CFB}.Release|x86.Build.0 = Release|Win32
		{04402DAF-3C7B-4AFA-89A2-9EFF669269C8}.Debug|x64.ActiveCfg = Debug|x64
		{04402DAF-3C7B-4AFA-89A2-9EFF669269C8}.Debug|x64.Build.0 = Debug|x64
		{04402DAF-3C7B-4AFA-89A2-9EFF669269C8}.Debug|x86.ActiveCfg = Debug|Win32
		{04402DAF-3C7B-4AFA-89A2-9EFF669269C8}.Debug|x86.Build.0 = Debug|Win32
		{04402DAF-3C7B-4AFA-89A2-9EFF669269C8}.Release|x64.ActiveCfg = Release|x64
		{04402DAF-3C7B-4AFA-89A2-9EFF669269C8}.Release|x64.Build.0 = Release|x64
		{04402DAF-3C7B-4AFA-89A2-9EFF669269C8}.Release|x86.ActiveCfg = Release|Win32
		{04402DAF-3C7B-4AFA-89A2-9EFF669269C8}.Release|x86.Build.0 = Release|Win32
		{8726C538-70D4-48AA-A17F-C23F0CBD550B}.Debug|x64.ActiveCfg = Debug|x64
		{8726C538-70D4-48AA-A17F-C23F0CBD550B}.Debug|x64.Build.0 = Debug|x64
		{8726C538-70D4-48AA-A17F-C23F0CBD550B}.Debug|x86.ActiveCfg = Debug|Win32
		{8726C538-70D4-48AA-A17F-C23F0CBD550B}.Debug|x86.Build.0 = Debug|Win32
		{8726C538-70D4-48AA-A17F-C23F0CBD550B}.Release|x64.ActiveCfg = Release|x64
		{8726C538-70D4-48AA-A17F-C23F0CBD550B}.Release|x64.Build.0 = Release|x64
		{8726C538-70D4-48AA-A17F-C23F0CBD550B}.Release|x86.ActiveCfg = Release|Win32
		{8726C538-70D4-48AA-A17F-C23F0CBD550B}.Release|x86.Build.0 = Release|Win32
		{AB78E822-FBDF-4054-9E43-F419BAC128DE}.Debug|x64.ActiveCfg = Debug|x64
		{AB78E822-FBDF-4054-9E43-F419BAC128DE}.Debug|x64.Build.0 = Debug|x64
		{AB78E822-FBDF-4054-9E43-F419BAC128DE}.Debug|x86.ActiveCfg = Debug|Win32
		{AB78E822-FBDF-4054-9E43-F419BAC128DE}.Debug|x86.Build.0 = Debug|Win32
		{AB78E822-FBDF-4054-9E43-F419BAC128DE}.Release|x64.ActiveCfg = Release|x64
		{AB78E822-FBDF-4054-9E43-F419BAC128DE}.Release|x64.Build.0 = Release|x64
		{AB78E822-FBDF-4054-9E43-F419BAC128DE}.Release|x86.ActiveCfg = Release|Win32
		{AB78E822-FBDF-4054-9E43-F419BAC128DE}.Release|x86.Build.0 = Release|Win32
		{D1DFD2F2-22DC-4A60-8F2B-3FC9FECC8C0A}.Debug|x64.ActiveCfg = Debug|x64
		{D1DFD2F2-22DC-4A60-8F2B-3FC9FECC8C0A}.Debug|x64.Build.0 = Debug|x64
		{D1DFD2F2-22DC-4A60-8F2B-3FC9FECC8C0A}.Debug|x86.ActiveCfg = Debug|Win32
		{D1DFD2F2-22DC-4A60-8F2B-3FC9FECC8C0A}.Debug|x86.Build.0 = Debug|Win32
		{D1DFD2F2-22DC-4A60-8F2B-3FC9FECC8C0A}.Release|x64.ActiveCfg = Release|x64
		{D1DFD2F2-22DC-4A60-8F2B-3FC9FECC8C0A}.Release|x64.Build.0 = Release|x64
		{D1DFD2F2-22DC-4A60-8F2B-3FC9FECC8C0A}.Release|x86.ActiveCfg = Release|Win32
		{D1DFD2F2-22DC-4A60-8F2B-3FC9FECC8C0A}.Release|x86.Build.0 = Release|Win32
		{95FDB0F2-99BE-454E-87FD-FA41F9B86AB8}.Debug|x64.ActiveCfg = Debug|x64
		{95FDB0F2-99BE-454E-87FD-FA41F9B86AB8}.Debug|x64.Build.0 = Debug|x64
		{95FDB0F2-99BE-454E-87FD-FA41F9B86AB8}.Debug|x86.ActiveCfg = Debug|Win32
		{95FDB0F2-99BE-454E-87FD-FA41F9B86AB8}.Debug|x86.Build.0 = Debug|Win32
		{95FDB0F2-99BE-454E-87FD-FA41F9B86AB8}.Release|x64.ActiveCfg = Release|x64
		{95FDB0F2-99BE-454E-87FD-FA41F9B86AB8}.Release|x64.Build.0 = Release|x64
		{95FDB0F2-99BE-454E-87FD-FA41F9B86AB8}.Release|x86.ActiveCfg = Release|Win32
		{95FDB0F2-99BE-454E-87FD-FA41F9B86AB8}.Release|x86.Build.0 = Release|Win32
		{51832D35-E293-4F25-8D2B-DE219EE12AAD}.Debug|x64.ActiveCfg = Debug|x64
		{51832D35-E293-4F25-8D2B-DE219EE12AAD}.Debug|x64.Build.0 = Debug|x64
		{51832D35-E293-4F25-8D2B-DE219EE12AAD}.Debug|x86.ActiveCfg = Debug|Win32
		{51832D35-E293-4F25-8D2B-DE219EE12AAD}.Debug|x86.Build.0 = Debug|Win32
		{51832D35-E293-4F25-8D2B-DE219EE12AAD}.Release|x64.ActiveCfg = Release|x64
		{51832D35-E293-4F25-8D2B-DE219EE12AAD}.Release|x64.Build.0 = Release|x64
		{51832D35-E293-4F25-8D2B-DE219EE12AAD}.Release|x86.ActiveCfg = Release|Win32
		{51832D35-E293-4F25-8D2B-DE219EE12AAD}.Release|x86.Build.0 = Release|Win32
		{9F49DDC4-40E3-4768-A5F4-4C160A1A0B2A}.Debug|x64.ActiveCfg = Debug|x64
		{9F49DDC4-40E3-4768-A5F4-4C160A1A0B2A}.Debug|x64.Build.0 = Debug|x64
		{9F49DDC4-40E3-4768-A5F4-4C160A1A0B2A}.Debug|x86.ActiveCfg = Debug|Win32
		{9F49DDC4-40E3-4768-A5F4-4C160A1A0B2A}.Debug|x86.Build.0 = Debug|Win32
		{9F49DDC4-40E3-4768-A5F4-4C160A1A0B2A}.Release|x64.ActiveCfg = Release|x64
		{9F49DDC4-40E3-4768-A5F4-4C160A1A0B2A}.Release|x64.Build.0 = Release|x64
		{9F49DDC4-40E3-4768-A5F4-4C160A1A0B2A}.Release|x86.ActiveCfg = Release|Win32
		{9F49DDC4-40E3-4768-A5F4-4C160A1A0B2A}.Release|x86.Build.0 = Release|Win32
		{BFAE622C-47FC-47C2-BB74-5ECFE515B9BC}.Debug|x64.ActiveCfg = Debug|x64
		{BFAE622C-47FC-47C2-BB74-5ECFE515B9BC}.Debug|x64.Build.0 = Debug|x64
		{BFAE622C-47FC-47C2-BB74-5ECFE515B9BC}.Debug|x86.ActiveCfg = Debug|Win32
		{BFAE622C-47FC-47C2-BB74-5ECFE515B9BC}.Debug|x86.Build.0 = Debug|Win32
		{BFAE622C-47FC-47C2-BB74-5ECFE515B9BC}.Release|x64.ActiveCfg = Release|x64
		{BFAE622C-47FC-47C2-BB74-5ECFE515B9BC}.Release|x64.Build.0 = Release|x64
		{BFAE622C-47FC-47C2-BB74-5ECFE515B9BC}.Release|x86.ActiveCfg = Release|Win32
		{BFAE622C-47FC-47C2-BB74-5ECFE515B9BC}.Release|x86.Build.0 = Release|Win32
		{C8896624-B6EE-4D99-8E61-8DB551F4E90C}.Debug|x64.ActiveCfg = Debug|x64
		{C8896624-B6EE-4D99-8E61-8DB551F4E90C}.Debug|x64.Build.0 = Debug|x64
		{C8896624-B6EE-4D99-8E61-8DB551F4E90C}.Debug|x86.ActiveCfg = Debug|Win32
		{C8896624-B6EE-4D99-8E61-8DB551F4E90C}.Debug|x86.Build.0 = Debug|Win32
		{C8896624-B6EE-4D99-8E61-8DB551F4E90C}.Release|x64.ActiveCfg = Release|x64
		{C8896624-B6EE-4D99-8E61-8DB551F4E90C}.Release|x64.Build.0 = Release|x64
		{C8896624-B6EE-4D99-8E61-8DB551F4E90C}.Release|x86.ActiveCfg = Release|Win32
		{C8896624-B6EE-4D99-8E61-8DB551F4E90C}.Release|x86.Build.0 = Release|Win32
		{3FAD1FED-E63D-4882-A156-D4947CA6A977}.Debug|x64.ActiveCfg = Debug|x64
		{3FAD1FED-E63D-4882-A156-D4947CA6A977}.Debug|x64.Build.0 = Debug|x64
		{3FAD1FED-E63D-4882-A156-D4947CA6A977}.Debug|x86.ActiveCfg = Debug|Win32
		{3FAD1FED-E63D-4882-A156-D4947CA6A977}.Debug|x86.Build.0 = Debug|Win32
		{3FAD1FED-E63D-4882-A156-D4947CA6A977}.Release|x64.ActiveCfg = Release|x64
		{3FAD1FED-E63D-4882-A156-D4947CA6A977}.Release|x64.Build.0 = Release|x64
		{3FAD1FED-E63D-4882-A156-D4947CA6A977}.Release|x86.ActiveCfg = Release|Win32
		{3FAD1FED-E63D-4882-A156-D4947CA6A977}.Release|x86.Build.0 = Release|Win32
		{C5C8B6B9-DAE1-4F2B-B43C-3E57929A0056}.Debug|x64.ActiveCfg = Debug|x64
		{C5C8B6B9-DAE1-4F2B-B43C-3E57929A0056}.Debug|x64.Build.0 = Debug|x64
		{C5C8B6B9-DAE1-4F2B-B43C-3E57929A0056}.Debug|x86.ActiveCfg = Debug|Win32
		{C5C8B6B9-DAE1-4F2B-B43C-3E57929A0056}.Debug|x86.Build.0 = Debug|Win32
		{C5C8B6B9-DAE1-4F2B-B43C-3E57929A0056}.Release|x64.ActiveCfg = Release|x64
		{C5C8B6B9-DAE1-4F2B-B43C-3E57929A0056}.Release|x64.Build.0 = Release|x64
		{C5C8B6B9-DAE1-4F2B-B43C-3E57929A0056}.Release|x86.ActiveCfg = Release|Win32
		{C5C8B6B9-DAE1-4F2B-B43C-3E57929A0056}.Release|x86.Build.0 = Release|Win32
	EndGlobalSection
	GlobalSection(SolutionProperties) = preSolution
		HideSolutionNode = FALSE
	EndGlobalSection
	GlobalSection(ExtensibilityGlobals) = postSolution
		SolutionGuid = {4E186CC7-877F-4E11-9843-56FC1FBD57DC}
	EndGlobalSection
EndGlobal
